
Microsoft Visual Studio Solution File, Format Version 10.00
# Visual Studio 2008
Project("{FAE04EC0-301F-11D3-BF4B-00C04F79EFBC}") = "HeapsTodoLib", "HeapsTodoLib\HeapsTodoLib.csproj", "{B80C48B2-C4E8-4308-A339-A16C050D35B9}"
EndProject
Project("{FAE04EC0-301F-11D3-BF4B-00C04F79EFBC}") = "LibTests", "LibTests\LibTests.csproj", "{BBAE771D-434E-4617-9BFB-AA4F7A05EAED}"
EndProject
Project("{FAE04EC0-301F-11D3-BF4B-00C04F79EFBC}") = "HeapsTodoSyncLib", "HeapsTodoSyncLib\HeapsTodoSyncLib.csproj", "{A334FEE2-B534-406B-B437-C693E3CD171E}"
EndProject
Project("{FAE04EC0-301F-11D3-BF4B-00C04F79EFBC}") = "HeapsTodoSyncTool", "HeapsTodoSyncTool\HeapsTodoSyncTool.csproj", "{F54C328A-BDDC-4B2B-A2C1-43C793FD311D}"
EndProject
Global
	GlobalSection(SolutionConfigurationPlatforms) = preSolution
		Debug|Any CPU = Debug|Any CPU
		Release|Any CPU = Release|Any CPU
	EndGlobalSection
	GlobalSection(ProjectConfigurationPlatforms) = postSolution
		{B80C48B2-C4E8-4308-A339-A16C050D35B9}.Debug|Any CPU.ActiveCfg = Debug|Any CPU
		{B80C48B2-C4E8-4308-A339-A16C050D35B9}.Debug|Any CPU.Build.0 = Debug|Any CPU
		{B80C48B2-C4E8-4308-A339-A16C050D35B9}.Release|Any CPU.ActiveCfg = Release|Any CPU
		{B80C48B2-C4E8-4308-A339-A16C050D35B9}.Release|Any CPU.Build.0 = Release|Any CPU
		{BBAE771D-434E-4617-9BFB-AA4F7A05EAED}.Debug|Any CPU.ActiveCfg = Debug|Any CPU
		{BBAE771D-434E-4617-9BFB-AA4F7A05EAED}.Debug|Any CPU.Build.0 = Debug|Any CPU
		{BBAE771D-434E-4617-9BFB-AA4F7A05EAED}.Release|Any CPU.ActiveCfg = Release|Any CPU
		{BBAE771D-434E-4617-9BFB-AA4F7A05EAED}.Release|Any CPU.Build.0 = Release|Any CPU
		{A334FEE2-B534-406B-B437-C693E3CD171E}.Debug|Any CPU.ActiveCfg = Debug|Any CPU
		{A334FEE2-B534-406B-B437-C693E3CD171E}.Debug|Any CPU.Build.0 = Debug|Any CPU
		{A334FEE2-B534-406B-B437-C693E3CD171E}.Release|Any CPU.ActiveCfg = Release|Any CPU
		{A334FEE2-B534-406B-B437-C693E3CD171E}.Release|Any CPU.Build.0 = Release|Any CPU
		{F54C328A-BDDC-4B2B-A2C1-43C793FD311D}.Debug|Any CPU.ActiveCfg = Debug|Any CPU
		{F54C328A-BDDC-4B2B-A2C1-43C793FD311D}.Debug|Any CPU.Build.0 = Debug|Any CPU
		{F54C328A-BDDC-4B2B-A2C1-43C793FD311D}.Release|Any CPU.ActiveCfg = Release|Any CPU
		{F54C328A-BDDC-4B2B-A2C1-43C793FD311D}.Release|Any CPU.Build.0 = Release|Any CPU
	EndGlobalSection
	GlobalSection(SolutionProperties) = preSolution
		HideSolutionNode = FALSE
	EndGlobalSection
EndGlobal
